
Microsoft Visual Studio Solution File, Format Version 12.00
# Visual Studio Version 17
VisualStudioVersion = 17.11.35312.102
MinimumVisualStudioVersion = 10.0.40219.1
Project("{FAE04EC0-301F-11D3-BF4B-00C04F79EFBC}") = "UI", "UI.csproj", "{0BACBF5D-E4D6-4DA2-B42C-143ECA9A042F}"
EndProject
Project("{FAE04EC0-301F-11D3-BF4B-00C04F79EFBC}") = "Entity", "..\Entity\Entity.csproj", "{32FEA013-E83B-4F63-8560-509D8BB7B73E}"
EndProject
Project("{FAE04EC0-301F-11D3-BF4B-00C04F79EFBC}") = "Mapper", "..\Mapper\Mapper.csproj", "{AD4B5373-ED84-47A9-8D1E-4BC09507EDB4}"
EndProject
Project("{FAE04EC0-301F-11D3-BF4B-00C04F79EFBC}") = "BLL", "..\BLL\BLL.csproj", "{B863688D-94BC-4BD2-B848-562A02E66C8A}"
EndProject
Project("{FAE04EC0-301F-11D3-BF4B-00C04F79EFBC}") = "DAL", "..\DAL\DAL.csproj", "{5485B585-DE24-4CED-A8AA-C3BE502DA23F}"
EndProject
Global
	GlobalSection(SolutionConfigurationPlatforms) = preSolution
		Debug|Any CPU = Debug|Any CPU
		Release|Any CPU = Release|Any CPU
	EndGlobalSection
	GlobalSection(ProjectConfigurationPlatforms) = postSolution
		{0BACBF5D-E4D6-4DA2-B42C-143ECA9A042F}.Debug|Any CPU.ActiveCfg = Debug|Any CPU
		{0BACBF5D-E4D6-4DA2-B42C-143ECA9A042F}.Debug|Any CPU.Build.0 = Debug|Any CPU
		{0BACBF5D-E4D6-4DA2-B42C-143ECA9A042F}.Release|Any CPU.ActiveCfg = Release|Any CPU
		{0BACBF5D-E4D6-4DA2-B42C-143ECA9A042F}.Release|Any CPU.Build.0 = Release|Any CPU
		{32FEA013-E83B-4F63-8560-509D8BB7B73E}.Debug|Any CPU.ActiveCfg = Debug|Any CPU
		{32FEA013-E83B-4F63-8560-509D8BB7B73E}.Debug|Any CPU.Build.0 = Debug|Any CPU
		{32FEA013-E83B-4F63-8560-509D8BB7B73E}.Release|Any CPU.ActiveCfg = Release|Any CPU
		{32FEA013-E83B-4F63-8560-509D8BB7B73E}.Release|Any CPU.Build.0 = Release|Any CPU
		{AD4B5373-ED84-47A9-8D1E-4BC09507EDB4}.Debug|Any CPU.ActiveCfg = Debug|Any CPU
		{AD4B5373-ED84-47A9-8D1E-4BC09507EDB4}.Debug|Any CPU.Build.0 = Debug|Any CPU
		{AD4B5373-ED84-47A9-8D1E-4BC09507EDB4}.Release|Any CPU.ActiveCfg = Release|Any CPU
		{AD4B5373-ED84-47A9-8D1E-4BC09507EDB4}.Release|Any CPU.Build.0 = Release|Any CPU
		{B863688D-94BC-4BD2-B848-562A02E66C8A}.Debug|Any CPU.ActiveCfg = Debug|Any CPU
		{B863688D-94BC-4BD2-B848-562A02E66C8A}.Debug|Any CPU.Build.0 = Debug|Any CPU
		{B863688D-94BC-4BD2-B848-562A02E66C8A}.Release|Any CPU.ActiveCfg = Release|Any CPU
		{B863688D-94BC-4BD2-B848-562A02E66C8A}.Release|Any CPU.Build.0 = Release|Any CPU
		{5485B585-DE24-4CED-A8AA-C3BE502DA23F}.Debug|Any CPU.ActiveCfg = Debug|Any CPU
		{5485B585-DE24-4CED-A8AA-C3BE502DA23F}.Debug|Any CPU.Build.0 = Debug|Any CPU
		{5485B585-DE24-4CED-A8AA-C3BE502DA23F}.Release|Any CPU.ActiveCfg = Release|Any CPU
		{5485B585-DE24-4CED-A8AA-C3BE502DA23F}.Release|Any CPU.Build.0 = Release|Any CPU
	EndGlobalSection
	GlobalSection(SolutionProperties) = preSolution
		HideSolutionNode = FALSE
	EndGlobalSection
	GlobalSection(ExtensibilityGlobals) = postSolution
		SolutionGuid = {C0C69155-767A-4834-B1E1-61C736DC0A83}
	EndGlobalSection
EndGlobal
